// !$*UTF8*$!
{
	archiveVersion = 1;
	classes = {
	};
	objectVersion = 46;
	objects = {

/* Begin PBXBuildFile section */
		195F6AE7197C612F00E7BFB5 /* Foundation.framework in Frameworks */ = {isa = PBXBuildFile; fileRef = 195F6AE6197C612F00E7BFB5 /* Foundation.framework */; };
		195F6AE9197C612F00E7BFB5 /* CoreGraphics.framework in Frameworks */ = {isa = PBXBuildFile; fileRef = 195F6AE8197C612F00E7BFB5 /* CoreGraphics.framework */; };
		195F6AEB197C612F00E7BFB5 /* UIKit.framework in Frameworks */ = {isa = PBXBuildFile; fileRef = 195F6AEA197C612F00E7BFB5 /* UIKit.framework */; };
		195F6AF1197C612F00E7BFB5 /* InfoPlist.strings in Resources */ = {isa = PBXBuildFile; fileRef = 195F6AEF197C612F00E7BFB5 /* InfoPlist.strings */; };
		195F6AF3197C612F00E7BFB5 /* main.m in Sources */ = {isa = PBXBuildFile; fileRef = 195F6AF2197C612F00E7BFB5 /* main.m */; };
		195F6AF7197C612F00E7BFB5 /* AppDelegate.m in Sources */ = {isa = PBXBuildFile; fileRef = 195F6AF6197C612F00E7BFB5 /* AppDelegate.m */; };
		195F6AFA197C613000E7BFB5 /* Main.storyboard in Resources */ = {isa = PBXBuildFile; fileRef = 195F6AF8197C613000E7BFB5 /* Main.storyboard */; };
		195F6AFD197C613000E7BFB5 /* MasterViewController.m in Sources */ = {isa = PBXBuildFile; fileRef = 195F6AFC197C613000E7BFB5 /* MasterViewController.m */; };
		195F6B00197C613000E7BFB5 /* DetailViewController.m in Sources */ = {isa = PBXBuildFile; fileRef = 195F6AFF197C613000E7BFB5 /* DetailViewController.m */; };
		195F6B02197C613000E7BFB5 /* Images.xcassets in Resources */ = {isa = PBXBuildFile; fileRef = 195F6B01197C613000E7BFB5 /* Images.xcassets */; };
		195F6B09197C613000E7BFB5 /* XCTest.framework in Frameworks */ = {isa = PBXBuildFile; fileRef = 195F6B08197C613000E7BFB5 /* XCTest.framework */; };
		195F6B0A197C613000E7BFB5 /* Foundation.framework in Frameworks */ = {isa = PBXBuildFile; fileRef = 195F6AE6197C612F00E7BFB5 /* Foundation.framework */; };
		195F6B0B197C613000E7BFB5 /* UIKit.framework in Frameworks */ = {isa = PBXBuildFile; fileRef = 195F6AEA197C612F00E7BFB5 /* UIKit.framework */; };
		195F6B13197C613000E7BFB5 /* InfoPlist.strings in Resources */ = {isa = PBXBuildFile; fileRef = 195F6B11197C613000E7BFB5 /* InfoPlist.strings */; };
		195F6B15197C613000E7BFB5 /* Auto_SearchTests.m in Sources */ = {isa = PBXBuildFile; fileRef = 195F6B14197C613000E7BFB5 /* Auto_SearchTests.m */; };
		19F5610719840B84001FD9F2 /* AFHTTPClient.m in Sources */ = {isa = PBXBuildFile; fileRef = 19F560F319840B84001FD9F2 /* AFHTTPClient.m */; };
		19F5610819840B84001FD9F2 /* AFHTTPRequestOperation.m in Sources */ = {isa = PBXBuildFile; fileRef = 19F560F519840B84001FD9F2 /* AFHTTPRequestOperation.m */; };
		19F5610919840B84001FD9F2 /* AFImageRequestOperation.m in Sources */ = {isa = PBXBuildFile; fileRef = 19F560F719840B84001FD9F2 /* AFImageRequestOperation.m */; };
		19F5610A19840B84001FD9F2 /* AFJSONRequestOperation.m in Sources */ = {isa = PBXBuildFile; fileRef = 19F560F919840B84001FD9F2 /* AFJSONRequestOperation.m */; };
		19F5610B19840B84001FD9F2 /* AFJSONUtilities.m in Sources */ = {isa = PBXBuildFile; fileRef = 19F560FB19840B84001FD9F2 /* AFJSONUtilities.m */; };
		19F5610C19840B84001FD9F2 /* AFNetworkActivityIndicatorManager.m in Sources */ = {isa = PBXBuildFile; fileRef = 19F560FD19840B84001FD9F2 /* AFNetworkActivityIndicatorManager.m */; };
		19F5610D19840B84001FD9F2 /* AFPropertyListRequestOperation.m in Sources */ = {isa = PBXBuildFile; fileRef = 19F5610019840B84001FD9F2 /* AFPropertyListRequestOperation.m */; };
		19F5610E19840B84001FD9F2 /* AFURLConnectionOperation.m in Sources */ = {isa = PBXBuildFile; fileRef = 19F5610219840B84001FD9F2 /* AFURLConnectionOperation.m */; };
		19F5610F19840B84001FD9F2 /* AFXMLRequestOperation.m in Sources */ = {isa = PBXBuildFile; fileRef = 19F5610419840B84001FD9F2 /* AFXMLRequestOperation.m */; };
		19F5611019840B84001FD9F2 /* UIImageView+AFNetworking.m in Sources */ = {isa = PBXBuildFile; fileRef = 19F5610619840B84001FD9F2 /* UIImageView+AFNetworking.m */; };
/* End PBXBuildFile section */

/* Begin PBXContainerItemProxy section */
		195F6B0C197C613000E7BFB5 /* PBXContainerItemProxy */ = {
			isa = PBXContainerItemProxy;
			containerPortal = 195F6ADB197C612F00E7BFB5 /* Project object */;
			proxyType = 1;
			remoteGlobalIDString = 195F6AE2197C612F00E7BFB5;
			remoteInfo = "Auto Search";
		};
/* End PBXContainerItemProxy section */

/* Begin PBXFileReference section */
		195F6AE3197C612F00E7BFB5 /* Auto Search.app */ = {isa = PBXFileReference; explicitFileType = wrapper.application; includeInIndex = 0; path = "Auto Search.app"; sourceTree = BUILT_PRODUCTS_DIR; };
		195F6AE6197C612F00E7BFB5 /* Foundation.framework */ = {isa = PBXFileReference; lastKnownFileType = wrapper.framework; name = Foundation.framework; path = System/Library/Frameworks/Foundation.framework; sourceTree = SDKROOT; };
		195F6AE8197C612F00E7BFB5 /* CoreGraphics.framework */ = {isa = PBXFileReference; lastKnownFileType = wrapper.framework; name = CoreGraphics.framework; path = System/Library/Frameworks/CoreGraphics.framework; sourceTree = SDKROOT; };
		195F6AEA197C612F00E7BFB5 /* UIKit.framework */ = {isa = PBXFileReference; lastKnownFileType = wrapper.framework; name = UIKit.framework; path = System/Library/Frameworks/UIKit.framework; sourceTree = SDKROOT; };
		195F6AEE197C612F00E7BFB5 /* Auto Search-Info.plist */ = {isa = PBXFileReference; lastKnownFileType = text.plist.xml; path = "Auto Search-Info.plist"; sourceTree = "<group>"; };
		195F6AF0197C612F00E7BFB5 /* en */ = {isa = PBXFileReference; lastKnownFileType = text.plist.strings; name = en; path = en.lproj/InfoPlist.strings; sourceTree = "<group>"; };
		195F6AF2197C612F00E7BFB5 /* main.m */ = {isa = PBXFileReference; lastKnownFileType = sourcecode.c.objc; path = main.m; sourceTree = "<group>"; };
		195F6AF4197C612F00E7BFB5 /* Auto Search-Prefix.pch */ = {isa = PBXFileReference; lastKnownFileType = sourcecode.c.h; path = "Auto Search-Prefix.pch"; sourceTree = "<group>"; };
		195F6AF5197C612F00E7BFB5 /* AppDelegate.h */ = {isa = PBXFileReference; lastKnownFileType = sourcecode.c.h; path = AppDelegate.h; sourceTree = "<group>"; };
		195F6AF6197C612F00E7BFB5 /* AppDelegate.m */ = {isa = PBXFileReference; lastKnownFileType = sourcecode.c.objc; path = AppDelegate.m; sourceTree = "<group>"; };
		195F6AF9197C613000E7BFB5 /* Base */ = {isa = PBXFileReference; lastKnownFileType = file.storyboard; name = Base; path = Base.lproj/Main.storyboard; sourceTree = "<group>"; };
		195F6AFB197C613000E7BFB5 /* MasterViewController.h */ = {isa = PBXFileReference; lastKnownFileType = sourcecode.c.h; path = MasterViewController.h; sourceTree = "<group>"; };
		195F6AFC197C613000E7BFB5 /* MasterViewController.m */ = {isa = PBXFileReference; lastKnownFileType = sourcecode.c.objc; path = MasterViewController.m; sourceTree = "<group>"; };
		195F6AFE197C613000E7BFB5 /* DetailViewController.h */ = {isa = PBXFileReference; lastKnownFileType = sourcecode.c.h; path = DetailViewController.h; sourceTree = "<group>"; };
		195F6AFF197C613000E7BFB5 /* DetailViewController.m */ = {isa = PBXFileReference; lastKnownFileType = sourcecode.c.objc; path = DetailViewController.m; sourceTree = "<group>"; };
		195F6B01197C613000E7BFB5 /* Images.xcassets */ = {isa = PBXFileReference; lastKnownFileType = folder.assetcatalog; path = Images.xcassets; sourceTree = "<group>"; };
		195F6B07197C613000E7BFB5 /* Auto SearchTests.xctest */ = {isa = PBXFileReference; explicitFileType = wrapper.cfbundle; includeInIndex = 0; path = "Auto SearchTests.xctest"; sourceTree = BUILT_PRODUCTS_DIR; };
		195F6B08197C613000E7BFB5 /* XCTest.framework */ = {isa = PBXFileReference; lastKnownFileType = wrapper.framework; name = XCTest.framework; path = Library/Frameworks/XCTest.framework; sourceTree = DEVELOPER_DIR; };
		195F6B10197C613000E7BFB5 /* Auto SearchTests-Info.plist */ = {isa = PBXFileReference; lastKnownFileType = text.plist.xml; path = "Auto SearchTests-Info.plist"; sourceTree = "<group>"; };
		195F6B12197C613000E7BFB5 /* en */ = {isa = PBXFileReference; lastKnownFileType = text.plist.strings; name = en; path = en.lproj/InfoPlist.strings; sourceTree = "<group>"; };
		195F6B14197C613000E7BFB5 /* Auto_SearchTests.m */ = {isa = PBXFileReference; lastKnownFileType = sourcecode.c.objc; path = Auto_SearchTests.m; sourceTree = "<group>"; };
		19F560F219840B84001FD9F2 /* AFHTTPClient.h */ = {isa = PBXFileReference; fileEncoding = 4; lastKnownFileType = sourcecode.c.h; path = AFHTTPClient.h; sourceTree = "<group>"; };
		19F560F319840B84001FD9F2 /* AFHTTPClient.m */ = {isa = PBXFileReference; fileEncoding = 4; lastKnownFileType = sourcecode.c.objc; path = AFHTTPClient.m; sourceTree = "<group>"; };
		19F560F419840B84001FD9F2 /* AFHTTPRequestOperation.h */ = {isa = PBXFileReference; fileEncoding = 4; lastKnownFileType = sourcecode.c.h; path = AFHTTPRequestOperation.h; sourceTree = "<group>"; };
		19F560F519840B84001FD9F2 /* AFHTTPRequestOperation.m */ = {isa = PBXFileReference; fileEncoding = 4; lastKnownFileType = sourcecode.c.objc; path = AFHTTPRequestOperation.m; sourceTree = "<group>"; };
		19F560F619840B84001FD9F2 /* AFImageRequestOperation.h */ = {isa = PBXFileReference; fileEncoding = 4; lastKnownFileType = sourcecode.c.h; path = AFImageRequestOperation.h; sourceTree = "<group>"; };
		19F560F719840B84001FD9F2 /* AFImageRequestOperation.m */ = {isa = PBXFileReference; fileEncoding = 4; lastKnownFileType = sourcecode.c.objc; path = AFImageRequestOperation.m; sourceTree = "<group>"; };
		19F560F819840B84001FD9F2 /* AFJSONRequestOperation.h */ = {isa = PBXFileReference; fileEncoding = 4; lastKnownFileType = sourcecode.c.h; path = AFJSONRequestOperation.h; sourceTree = "<group>"; };
		19F560F919840B84001FD9F2 /* AFJSONRequestOperation.m */ = {isa = PBXFileReference; fileEncoding = 4; lastKnownFileType = sourcecode.c.objc; path = AFJSONRequestOperation.m; sourceTree = "<group>"; };
		19F560FA19840B84001FD9F2 /* AFJSONUtilities.h */ = {isa = PBXFileReference; fileEncoding = 4; lastKnownFileType = sourcecode.c.h; path = AFJSONUtilities.h; sourceTree = "<group>"; };
		19F560FB19840B84001FD9F2 /* AFJSONUtilities.m */ = {isa = PBXFileReference; fileEncoding = 4; lastKnownFileType = sourcecode.c.objc; path = AFJSONUtilities.m; sourceTree = "<group>"; };
		19F560FC19840B84001FD9F2 /* AFNetworkActivityIndicatorManager.h */ = {isa = PBXFileReference; fileEncoding = 4; lastKnownFileType = sourcecode.c.h; path = AFNetworkActivityIndicatorManager.h; sourceTree = "<group>"; };
		19F560FD19840B84001FD9F2 /* AFNetworkActivityIndicatorManager.m */ = {isa = PBXFileReference; fileEncoding = 4; lastKnownFileType = sourcecode.c.objc; path = AFNetworkActivityIndicatorManager.m; sourceTree = "<group>"; };
		19F560FE19840B84001FD9F2 /* AFNetworking.h */ = {isa = PBXFileReference; fileEncoding = 4; lastKnownFileType = sourcecode.c.h; path = AFNetworking.h; sourceTree = "<group>"; };
		19F560FF19840B84001FD9F2 /* AFPropertyListRequestOperation.h */ = {isa = PBXFileReference; fileEncoding = 4; lastKnownFileType = sourcecode.c.h; path = AFPropertyListRequestOperation.h; sourceTree = "<group>"; };
		19F5610019840B84001FD9F2 /* AFPropertyListRequestOperation.m */ = {isa = PBXFileReference; fileEncoding = 4; lastKnownFileType = sourcecode.c.objc; path = AFPropertyListRequestOperation.m; sourceTree = "<group>"; };
		19F5610119840B84001FD9F2 /* AFURLConnectionOperation.h */ = {isa = PBXFileReference; fileEncoding = 4; lastKnownFileType = sourcecode.c.h; path = AFURLConnectionOperation.h; sourceTree = "<group>"; };
		19F5610219840B84001FD9F2 /* AFURLConnectionOperation.m */ = {isa = PBXFileReference; fileEncoding = 4; lastKnownFileType = sourcecode.c.objc; path = AFURLConnectionOperation.m; sourceTree = "<group>"; };
		19F5610319840B84001FD9F2 /* AFXMLRequestOperation.h */ = {isa = PBXFileReference; fileEncoding = 4; lastKnownFileType = sourcecode.c.h; path = AFXMLRequestOperation.h; sourceTree = "<group>"; };
		19F5610419840B84001FD9F2 /* AFXMLRequestOperation.m */ = {isa = PBXFileReference; fileEncoding = 4; lastKnownFileType = sourcecode.c.objc; path = AFXMLRequestOperation.m; sourceTree = "<group>"; };
		19F5610519840B84001FD9F2 /* UIImageView+AFNetworking.h */ = {isa = PBXFileReference; fileEncoding = 4; lastKnownFileType = sourcecode.c.h; path = "UIImageView+AFNetworking.h"; sourceTree = "<group>"; };
		19F5610619840B84001FD9F2 /* UIImageView+AFNetworking.m */ = {isa = PBXFileReference; fileEncoding = 4; lastKnownFileType = sourcecode.c.objc; path = "UIImageView+AFNetworking.m"; sourceTree = "<group>"; };
/* End PBXFileReference section */

/* Begin PBXFrameworksBuildPhase section */
		195F6AE0197C612F00E7BFB5 /* Frameworks */ = {
			isa = PBXFrameworksBuildPhase;
			buildActionMask = 2147483647;
			files = (
				195F6AE9197C612F00E7BFB5 /* CoreGraphics.framework in Frameworks */,
				195F6AEB197C612F00E7BFB5 /* UIKit.framework in Frameworks */,
				195F6AE7197C612F00E7BFB5 /* Foundation.framework in Frameworks */,
			);
			runOnlyForDeploymentPostprocessing = 0;
		};
		195F6B04197C613000E7BFB5 /* Frameworks */ = {
			isa = PBXFrameworksBuildPhase;
			buildActionMask = 2147483647;
			files = (
				195F6B09197C613000E7BFB5 /* XCTest.framework in Frameworks */,
				195F6B0B197C613000E7BFB5 /* UIKit.framework in Frameworks */,
				195F6B0A197C613000E7BFB5 /* Foundation.framework in Frameworks */,
			);
			runOnlyForDeploymentPostprocessing = 0;
		};
/* End PBXFrameworksBuildPhase section */

/* Begin PBXGroup section */
		195F6ADA197C612F00E7BFB5 = {
			isa = PBXGroup;
			children = (
				195F6AEC197C612F00E7BFB5 /* Auto Search */,
				195F6B0E197C613000E7BFB5 /* Auto SearchTests */,
				195F6AE5197C612F00E7BFB5 /* Frameworks */,
				195F6AE4197C612F00E7BFB5 /* Products */,
			);
			sourceTree = "<group>";
		};
		195F6AE4197C612F00E7BFB5 /* Products */ = {
			isa = PBXGroup;
			children = (
				195F6AE3197C612F00E7BFB5 /* Auto Search.app */,
				195F6B07197C613000E7BFB5 /* Auto SearchTests.xctest */,
			);
			name = Products;
			sourceTree = "<group>";
		};
		195F6AE5197C612F00E7BFB5 /* Frameworks */ = {
			isa = PBXGroup;
			children = (
				195F6AE6197C612F00E7BFB5 /* Foundation.framework */,
				195F6AE8197C612F00E7BFB5 /* CoreGraphics.framework */,
				195F6AEA197C612F00E7BFB5 /* UIKit.framework */,
				195F6B08197C613000E7BFB5 /* XCTest.framework */,
			);
			name = Frameworks;
			sourceTree = "<group>";
		};
		195F6AEC197C612F00E7BFB5 /* Auto Search */ = {
			isa = PBXGroup;
			children = (
				19F560F119840B84001FD9F2 /* AFNetworking */,
				195F6AF5197C612F00E7BFB5 /* AppDelegate.h */,
				195F6AF6197C612F00E7BFB5 /* AppDelegate.m */,
				195F6AF8197C613000E7BFB5 /* Main.storyboard */,
				195F6AFB197C613000E7BFB5 /* MasterViewController.h */,
				195F6AFC197C613000E7BFB5 /* MasterViewController.m */,
				195F6AFE197C613000E7BFB5 /* DetailViewController.h */,
				195F6AFF197C613000E7BFB5 /* DetailViewController.m */,
				195F6B01197C613000E7BFB5 /* Images.xcassets */,
				195F6AED197C612F00E7BFB5 /* Supporting Files */,
			);
			path = "Auto Search";
			sourceTree = "<group>";
		};
		195F6AED197C612F00E7BFB5 /* Supporting Files */ = {
			isa = PBXGroup;
			children = (
				195F6AEE197C612F00E7BFB5 /* Auto Search-Info.plist */,
				195F6AEF197C612F00E7BFB5 /* InfoPlist.strings */,
				195F6AF2197C612F00E7BFB5 /* main.m */,
				195F6AF4197C612F00E7BFB5 /* Auto Search-Prefix.pch */,
			);
			name = "Supporting Files";
			sourceTree = "<group>";
		};
		195F6B0E197C613000E7BFB5 /* Auto SearchTests */ = {
			isa = PBXGroup;
			children = (
				195F6B14197C613000E7BFB5 /* Auto_SearchTests.m */,
				195F6B0F197C613000E7BFB5 /* Supporting Files */,
			);
			path = "Auto SearchTests";
			sourceTree = "<group>";
		};
		195F6B0F197C613000E7BFB5 /* Supporting Files */ = {
			isa = PBXGroup;
			children = (
				195F6B10197C613000E7BFB5 /* Auto SearchTests-Info.plist */,
				195F6B11197C613000E7BFB5 /* InfoPlist.strings */,
			);
			name = "Supporting Files";
			sourceTree = "<group>";
		};
		19F560F119840B84001FD9F2 /* AFNetworking */ = {
			isa = PBXGroup;
			children = (
				19F560F219840B84001FD9F2 /* AFHTTPClient.h */,
				19F560F319840B84001FD9F2 /* AFHTTPClient.m */,
				19F560F419840B84001FD9F2 /* AFHTTPRequestOperation.h */,
				19F560F519840B84001FD9F2 /* AFHTTPRequestOperation.m */,
				19F560F619840B84001FD9F2 /* AFImageRequestOperation.h */,
				19F560F719840B84001FD9F2 /* AFImageRequestOperation.m */,
				19F560F819840B84001FD9F2 /* AFJSONRequestOperation.h */,
				19F560F919840B84001FD9F2 /* AFJSONRequestOperation.m */,
				19F560FA19840B84001FD9F2 /* AFJSONUtilities.h */,
				19F560FB19840B84001FD9F2 /* AFJSONUtilities.m */,
				19F560FC19840B84001FD9F2 /* AFNetworkActivityIndicatorManager.h */,
				19F560FD19840B84001FD9F2 /* AFNetworkActivityIndicatorManager.m */,
				19F560FE19840B84001FD9F2 /* AFNetworking.h */,
				19F560FF19840B84001FD9F2 /* AFPropertyListRequestOperation.h */,
				19F5610019840B84001FD9F2 /* AFPropertyListRequestOperation.m */,
				19F5610119840B84001FD9F2 /* AFURLConnectionOperation.h */,
				19F5610219840B84001FD9F2 /* AFURLConnectionOperation.m */,
				19F5610319840B84001FD9F2 /* AFXMLRequestOperation.h */,
				19F5610419840B84001FD9F2 /* AFXMLRequestOperation.m */,
				19F5610519840B84001FD9F2 /* UIImageView+AFNetworking.h */,
				19F5610619840B84001FD9F2 /* UIImageView+AFNetworking.m */,
			);
			path = AFNetworking;
			sourceTree = "<group>";
		};
/* End PBXGroup section */

/* Begin PBXNativeTarget section */
		195F6AE2197C612F00E7BFB5 /* Auto Search */ = {
			isa = PBXNativeTarget;
			buildConfigurationList = 195F6B18197C613000E7BFB5 /* Build configuration list for PBXNativeTarget "Auto Search" */;
			buildPhases = (
				195F6ADF197C612F00E7BFB5 /* Sources */,
				195F6AE0197C612F00E7BFB5 /* Frameworks */,
				195F6AE1197C612F00E7BFB5 /* Resources */,
			);
			buildRules = (
			);
			dependencies = (
			);
			name = "Auto Search";
			productName = "Auto Search";
			productReference = 195F6AE3197C612F00E7BFB5 /* Auto Search.app */;
			productType = "com.apple.product-type.application";
		};
		195F6B06197C613000E7BFB5 /* Auto SearchTests */ = {
			isa = PBXNativeTarget;
			buildConfigurationList = 195F6B1B197C613000E7BFB5 /* Build configuration list for PBXNativeTarget "Auto SearchTests" */;
			buildPhases = (
				195F6B03197C613000E7BFB5 /* Sources */,
				195F6B04197C613000E7BFB5 /* Frameworks */,
				195F6B05197C613000E7BFB5 /* Resources */,
			);
			buildRules = (
			);
			dependencies = (
				195F6B0D197C613000E7BFB5 /* PBXTargetDependency */,
			);
			name = "Auto SearchTests";
			productName = "Auto SearchTests";
			productReference = 195F6B07197C613000E7BFB5 /* Auto SearchTests.xctest */;
			productType = "com.apple.product-type.bundle.unit-test";
		};
/* End PBXNativeTarget section */

/* Begin PBXProject section */
		195F6ADB197C612F00E7BFB5 /* Project object */ = {
			isa = PBXProject;
			attributes = {
				LastUpgradeCheck = 0510;
				ORGANIZATIONNAME = NIRAV;
				TargetAttributes = {
					195F6B06197C613000E7BFB5 = {
						TestTargetID = 195F6AE2197C612F00E7BFB5;
					};
				};
			};
			buildConfigurationList = 195F6ADE197C612F00E7BFB5 /* Build configuration list for PBXProject "Auto Search" */;
			compatibilityVersion = "Xcode 3.2";
			developmentRegion = English;
			hasScannedForEncodings = 0;
			knownRegions = (
				en,
				Base,
			);
			mainGroup = 195F6ADA197C612F00E7BFB5;
			productRefGroup = 195F6AE4197C612F00E7BFB5 /* Products */;
			projectDirPath = "";
			projectRoot = "";
			targets = (
				195F6AE2197C612F00E7BFB5 /* Auto Search */,
				195F6B06197C613000E7BFB5 /* Auto SearchTests */,
			);
		};
/* End PBXProject section */

/* Begin PBXResourcesBuildPhase section */
		195F6AE1197C612F00E7BFB5 /* Resources */ = {
			isa = PBXResourcesBuildPhase;
			buildActionMask = 2147483647;
			files = (
				195F6B02197C613000E7BFB5 /* Images.xcassets in Resources */,
				195F6AF1197C612F00E7BFB5 /* InfoPlist.strings in Resources */,
				195F6AFA197C613000E7BFB5 /* Main.storyboard in Resources */,
			);
			runOnlyForDeploymentPostprocessing = 0;
		};
		195F6B05197C613000E7BFB5 /* Resources */ = {
			isa = PBXResourcesBuildPhase;
			buildActionMask = 2147483647;
			files = (
				195F6B13197C613000E7BFB5 /* InfoPlist.strings in Resources */,
			);
			runOnlyForDeploymentPostprocessing = 0;
		};
/* End PBXResourcesBuildPhase section */

/* Begin PBXSourcesBuildPhase section */
		195F6ADF197C612F00E7BFB5 /* Sources */ = {
			isa = PBXSourcesBuildPhase;
			buildActionMask = 2147483647;
			files = (
				19F5610B19840B84001FD9F2 /* AFJSONUtilities.m in Sources */,
				19F5610919840B84001FD9F2 /* AFImageRequestOperation.m in Sources */,
				19F5610819840B84001FD9F2 /* AFHTTPRequestOperation.m in Sources */,
				19F5610F19840B84001FD9F2 /* AFXMLRequestOperation.m in Sources */,
				19F5610719840B84001FD9F2 /* AFHTTPClient.m in Sources */,
				19F5611019840B84001FD9F2 /* UIImageView+AFNetworking.m in Sources */,
				19F5610E19840B84001FD9F2 /* AFURLConnectionOperation.m in Sources */,
				19F5610C19840B84001FD9F2 /* AFNetworkActivityIndicatorManager.m in Sources */,
				195F6AF7197C612F00E7BFB5 /* AppDelegate.m in Sources */,
				195F6AFD197C613000E7BFB5 /* MasterViewController.m in Sources */,
				195F6AF3197C612F00E7BFB5 /* main.m in Sources */,
				19F5610D19840B84001FD9F2 /* AFPropertyListRequestOperation.m in Sources */,
				19F5610A19840B84001FD9F2 /* AFJSONRequestOperation.m in Sources */,
				195F6B00197C613000E7BFB5 /* DetailViewController.m in Sources */,
			);
			runOnlyForDeploymentPostprocessing = 0;
		};
		195F6B03197C613000E7BFB5 /* Sources */ = {
			isa = PBXSourcesBuildPhase;
			buildActionMask = 2147483647;
			files = (
				195F6B15197C613000E7BFB5 /* Auto_SearchTests.m in Sources */,
			);
			runOnlyForDeploymentPostprocessing = 0;
		};
/* End PBXSourcesBuildPhase section */

/* Begin PBXTargetDependency section */
		195F6B0D197C613000E7BFB5 /* PBXTargetDependency */ = {
			isa = PBXTargetDependency;
			target = 195F6AE2197C612F00E7BFB5 /* Auto Search */;
			targetProxy = 195F6B0C197C613000E7BFB5 /* PBXContainerItemProxy */;
		};
/* End PBXTargetDependency section */

/* Begin PBXVariantGroup section */
		195F6AEF197C612F00E7BFB5 /* InfoPlist.strings */ = {
			isa = PBXVariantGroup;
			children = (
				195F6AF0197C612F00E7BFB5 /* en */,
			);
			name = InfoPlist.strings;
			sourceTree = "<group>";
		};
		195F6AF8197C613000E7BFB5 /* Main.storyboard */ = {
			isa = PBXVariantGroup;
			children = (
				195F6AF9197C613000E7BFB5 /* Base */,
			);
			name = Main.storyboard;
			sourceTree = "<group>";
		};
		195F6B11197C613000E7BFB5 /* InfoPlist.strings */ = {
			isa = PBXVariantGroup;
			children = (
				195F6B12197C613000E7BFB5 /* en */,
			);
			name = InfoPlist.strings;
			sourceTree = "<group>";
		};
/* End PBXVariantGroup section */

/* Begin XCBuildConfiguration section */
		195F6B16197C613000E7BFB5 /* Debug */ = {
			isa = XCBuildConfiguration;
			buildSettings = {
				ALWAYS_SEARCH_USER_PATHS = NO;
				CLANG_CXX_LANGUAGE_STANDARD = "gnu++0x";
				CLANG_CXX_LIBRARY = "libc++";
				CLANG_ENABLE_MODULES = YES;
				CLANG_ENABLE_OBJC_ARC = YES;
				CLANG_WARN_BOOL_CONVERSION = YES;
				CLANG_WARN_CONSTANT_CONVERSION = YES;
				CLANG_WARN_DIRECT_OBJC_ISA_USAGE = YES_ERROR;
				CLANG_WARN_EMPTY_BODY = YES;
				CLANG_WARN_ENUM_CONVERSION = YES;
				CLANG_WARN_INT_CONVERSION = YES;
				CLANG_WARN_OBJC_ROOT_CLASS = YES_ERROR;
				CLANG_WARN__DUPLICATE_METHOD_MATCH = YES;
				"CODE_SIGN_IDENTITY[sdk=iphoneos*]" = "iPhone Developer";
				COPY_PHASE_STRIP = NO;
				GCC_C_LANGUAGE_STANDARD = gnu99;
				GCC_DYNAMIC_NO_PIC = NO;
				GCC_OPTIMIZATION_LEVEL = 0;
				GCC_PREPROCESSOR_DEFINITIONS = (
					"DEBUG=1",
					"$(inherited)",
				);
				GCC_SYMBOLS_PRIVATE_EXTERN = NO;
				GCC_WARN_64_TO_32_BIT_CONVERSION = YES;
				GCC_WARN_ABOUT_RETURN_TYPE = YES_ERROR;
				GCC_WARN_UNDECLARED_SELECTOR = YES;
				GCC_WARN_UNINITIALIZED_AUTOS = YES_AGGRESSIVE;
				GCC_WARN_UNUSED_FUNCTION = YES;
				GCC_WARN_UNUSED_VARIABLE = YES;
				IPHONEOS_DEPLOYMENT_TARGET = 7.1;
				ONLY_ACTIVE_ARCH = YES;
				SDKROOT = iphoneos;
			};
			name = Debug;
		};
		195F6B17197C613000E7BFB5 /* Release */ = {
			isa = XCBuildConfiguration;
			buildSettings = {
				ALWAYS_SEARCH_USER_PATHS = NO;
				CLANG_CXX_LANGUAGE_STANDARD = "gnu++0x";
				CLANG_CXX_LIBRARY = "libc++";
				CLANG_ENABLE_MODULES = YES;
				CLANG_ENABLE_OBJC_ARC = YES;
				CLANG_WARN_BOOL_CONVERSION = YES;
				CLANG_WARN_CONSTANT_CONVERSION = YES;
				CLANG_WARN_DIRECT_OBJC_ISA_USAGE = YES_ERROR;
				CLANG_WARN_EMPTY_BODY = YES;
				CLANG_WARN_ENUM_CONVERSION = YES;
				CLANG_WARN_INT_CONVERSION = YES;
				CLANG_WARN_OBJC_ROOT_CLASS = YES_ERROR;
				CLANG_WARN__DUPLICATE_METHOD_MATCH = YES;
				"CODE_SIGN_IDENTITY[sdk=iphoneos*]" = "iPhone Developer";
				COPY_PHASE_STRIP = YES;
				ENABLE_NS_ASSERTIONS = NO;
				GCC_C_LANGUAGE_STANDARD = gnu99;
				GCC_WARN_64_TO_32_BIT_CONVERSION = YES;
				GCC_WARN_ABOUT_RETURN_TYPE = YES_ERROR;
				GCC_WARN_UNDECLARED_SELECTOR = YES;
				GCC_WARN_UNINITIALIZED_AUTOS = YES_AGGRESSIVE;
				GCC_WARN_UNUSED_FUNCTION = YES;
				GCC_WARN_UNUSED_VARIABLE = YES;
				IPHONEOS_DEPLOYMENT_TARGET = 7.1;
				SDKROOT = iphoneos;
				VALIDATE_PRODUCT = YES;
			};
			name = Release;
		};
		195F6B19197C613000E7BFB5 /* Debug */ = {
			isa = XCBuildConfiguration;
			buildSettings = {
				ASSETCATALOG_COMPILER_APPICON_NAME = AppIcon;
				ASSETCATALOG_COMPILER_LAUNCHIMAGE_NAME = LaunchImage;
				CLANG_ENABLE_OBJC_ARC = NO;
				GCC_PRECOMPILE_PREFIX_HEADER = YES;
				GCC_PREFIX_HEADER = "Auto Search/Auto Search-Prefix.pch";
				INFOPLIST_FILE = "Auto Search/Auto Search-Info.plist";
				PRODUCT_NAME = "$(TARGET_NAME)";
				WRAPPER_EXTENSION = app;
			};
			name = Debug;
		};
		195F6B1A197C613000E7BFB5 /* Release */ = {
			isa = XCBuildConfiguration;
			buildSettings = {
				ASSETCATALOG_COMPILER_APPICON_NAME = AppIcon;
				ASSETCATALOG_COMPILER_LAUNCHIMAGE_NAME = LaunchImage;
				CLANG_ENABLE_OBJC_ARC = NO;
				GCC_PRECOMPILE_PREFIX_HEADER = YES;
				GCC_PREFIX_HEADER = "Auto Search/Auto Search-Prefix.pch";
				INFOPLIST_FILE = "Auto Search/Auto Search-Info.plist";
				PRODUCT_NAME = "$(TARGET_NAME)";
				WRAPPER_EXTENSION = app;
			};
			name = Release;
		};
		195F6B1C197C613000E7BFB5 /* Debug */ = {
			isa = XCBuildConfiguration;
			buildSettings = {
				BUNDLE_LOADER = "$(BUILT_PRODUCTS_DIR)/Auto Search.app/Auto Search";
				FRAMEWORK_SEARCH_PATHS = (
					"$(SDKROOT)/Developer/Library/Frameworks",
					"$(inherited)",
					"$(DEVELOPER_FRAMEWORKS_DIR)",
				);
				GCC_PRECOMPILE_PREFIX_HEADER = YES;
				GCC_PREFIX_HEADER = "Auto Search/Auto Search-Prefix.pch";
				GCC_PREPROCESSOR_DEFINITIONS = (
					"DEBUG=1",
					"$(inherited)",
				);
				INFOPLIST_FILE = "Auto SearchTests/Auto SearchTests-Info.plist";
				PRODUCT_NAME = "$(TARGET_NAME)";
				TEST_HOST = "$(BUNDLE_LOADER)";
				WRAPPER_EXTENSION = xctest;
			};
			name = Debug;
		};
		195F6B1D197C613000E7BFB5 /* Release */ = {
			isa = XCBuildConfiguration;
			buildSettings = {
				BUNDLE_LOADER = "$(BUILT_PRODUCTS_DIR)/Auto Search.app/Auto Search";
				FRAMEWORK_SEARCH_PATHS = (
					"$(SDKROOT)/Developer/Library/Frameworks",
					"$(inherited)",
					"$(DEVELOPER_FRAMEWORKS_DIR)",
				);
				GCC_PRECOMPILE_PREFIX_HEADER = YES;
				GCC_PREFIX_HEADER = "Auto Search/Auto Search-Prefix.pch";
				INFOPLIST_FILE = "Auto SearchTests/Auto SearchTests-Info.plist";
				PRODUCT_NAME = "$(TARGET_NAME)";
				TEST_HOST = "$(BUNDLE_LOADER)";
				WRAPPER_EXTENSION = xctest;
			};
			name = Release;
		};
/* End XCBuildConfiguration section */

/* Begin XCConfigurationList section */
		195F6ADE197C612F00E7BFB5 /* Build configuration list for PBXProject "Auto Search" */ = {
			isa = XCConfigurationList;
			buildConfigurations = (
				195F6B16197C613000E7BFB5 /* Debug */,
				195F6B17197C613000E7BFB5 /* Release */,
			);
			defaultConfigurationIsVisible = 0;
			defaultConfigurationName = Release;
		};
		195F6B18197C613000E7BFB5 /* Build configuration list for PBXNativeTarget "Auto Search" */ = {
			isa = XCConfigurationList;
			buildConfigurations = (
				195F6B19197C613000E7BFB5 /* Debug */,
				195F6B1A197C613000E7BFB5 /* Release */,
			);
			defaultConfigurationIsVisible = 0;
			defaultConfigurationName = Release;
		};
		195F6B1B197C613000E7BFB5 /* Build configuration list for PBXNativeTarget "Auto SearchTests" */ = {
			isa = XCConfigurationList;
			buildConfigurations = (
				195F6B1C197C613000E7BFB5 /* Debug */,
				195F6B1D197C613000E7BFB5 /* Release */,
			);
			defaultConfigurationIsVisible = 0;
			defaultConfigurationName = Release;
		};
/* End XCConfigurationList section */
	};
	rootObject = 195F6ADB197C612F00E7BFB5 /* Project object */;
}
